
Microsoft Visual Studio Solution File, Format Version 12.00
# Visual Studio Version 17
VisualStudioVersion = 17.4.33122.133
MinimumVisualStudioVersion = 10.0.40219.1
Project("{FAE04EC0-301F-11D3-BF4B-00C04F79EFBC}") = "QR-and-Barcode-Generator", "QR-and-Barcode-Generator\QR-and-Barcode-Generator.csproj", "{826B3FC5-571F-49EE-941F-744A255B0116}"
EndProject
Global
	GlobalSection(SolutionConfigurationPlatforms) = preSolution
		Debug|Any CPU = Debug|Any CPU
		Release|Any CPU = Release|Any CPU
	EndGlobalSection
	GlobalSection(ProjectConfigurationPlatforms) = postSolution
		{826B3FC5-571F-49EE-941F-744A255B0116}.Debug|Any CPU.ActiveCfg = Debug|Any CPU
		{826B3FC5-571F-49EE-941F-744A255B0116}.Debug|Any CPU.Build.0 = Debug|Any CPU
		{826B3FC5-571F-49EE-941F-744A255B0116}.Release|Any CPU.ActiveCfg = Release|Any CPU
		{826B3FC5-571F-49EE-941F-744A255B0116}.Release|Any CPU.Build.0 = Release|Any CPU
	EndGlobalSection
	GlobalSection(SolutionProperties) = preSolution
		HideSolutionNode = FALSE
	EndGlobalSection
	GlobalSection(ExtensibilityGlobals) = postSolution
		SolutionGuid = {C242708F-4F89-48CD-AF9F-63F59C67ABC6}
	EndGlobalSection
EndGlobal
